
Microsoft Visual Studio Solution File, Format Version 12.00
# Visual Studio Version 16
VisualStudioVersion = 16.0.29519.87
MinimumVisualStudioVersion = 10.0.40219.1
Project("{FAE04EC0-301F-11D3-BF4B-00C04F79EFBC}") = "GoodStore.Domain", "GoodStore.Domain\GoodStore.Domain.csproj", "{B2B7C182-5151-4A45-9367-55362906ED09}"
EndProject
Project("{FAE04EC0-301F-11D3-BF4B-00C04F79EFBC}") = "GoodStore.DataAccess", "GoodStore.DataAccess\GoodStore.DataAccess.csproj", "{26ED8C79-1B9A-4062-962E-A1AF55B9DE1A}"
EndProject
Project("{FAE04EC0-301F-11D3-BF4B-00C04F79EFBC}") = "GoodStore.ClientApp", "GoodStore.ClientApp\GoodStore.ClientApp.csproj", "{7B295859-93C4-4A3E-AB42-624A1A5529A5}"
EndProject
Project("{FAE04EC0-301F-11D3-BF4B-00C04F79EFBC}") = "GoodStore.BussinessLogic", "GoodStore.BussinessLogic\GoodStore.BussinessLogic.csproj", "{02BE32A1-E8A9-495F-BCF3-B1E60142AFED}"
EndProject
Project("{FAE04EC0-301F-11D3-BF4B-00C04F79EFBC}") = "GoodStore.UnitTests", "..\..\tests\GoodStore.UnitTests\GoodStore.UnitTests.csproj", "{A2EADF1E-3634-46DA-811A-EBB906264A06}"
EndProject
Global
	GlobalSection(SolutionConfigurationPlatforms) = preSolution
		Debug|Any CPU = Debug|Any CPU
		Release|Any CPU = Release|Any CPU
	EndGlobalSection
	GlobalSection(ProjectConfigurationPlatforms) = postSolution
		{B2B7C182-5151-4A45-9367-55362906ED09}.Debug|Any CPU.ActiveCfg = Debug|Any CPU
		{B2B7C182-5151-4A45-9367-55362906ED09}.Debug|Any CPU.Build.0 = Debug|Any CPU
		{B2B7C182-5151-4A45-9367-55362906ED09}.Release|Any CPU.ActiveCfg = Release|Any CPU
		{B2B7C182-5151-4A45-9367-55362906ED09}.Release|Any CPU.Build.0 = Release|Any CPU
		{26ED8C79-1B9A-4062-962E-A1AF55B9DE1A}.Debug|Any CPU.ActiveCfg = Debug|Any CPU
		{26ED8C79-1B9A-4062-962E-A1AF55B9DE1A}.Debug|Any CPU.Build.0 = Debug|Any CPU
		{26ED8C79-1B9A-4062-962E-A1AF55B9DE1A}.Release|Any CPU.ActiveCfg = Release|Any CPU
		{26ED8C79-1B9A-4062-962E-A1AF55B9DE1A}.Release|Any CPU.Build.0 = Release|Any CPU
		{7B295859-93C4-4A3E-AB42-624A1A5529A5}.Debug|Any CPU.ActiveCfg = Debug|Any CPU
		{7B295859-93C4-4A3E-AB42-624A1A5529A5}.Debug|Any CPU.Build.0 = Debug|Any CPU
		{7B295859-93C4-4A3E-AB42-624A1A5529A5}.Release|Any CPU.ActiveCfg = Release|Any CPU
		{7B295859-93C4-4A3E-AB42-624A1A5529A5}.Release|Any CPU.Build.0 = Release|Any CPU
		{02BE32A1-E8A9-495F-BCF3-B1E60142AFED}.Debug|Any CPU.ActiveCfg = Debug|Any CPU
		{02BE32A1-E8A9-495F-BCF3-B1E60142AFED}.Debug|Any CPU.Build.0 = Debug|Any CPU
		{02BE32A1-E8A9-495F-BCF3-B1E60142AFED}.Release|Any CPU.ActiveCfg = Release|Any CPU
		{02BE32A1-E8A9-495F-BCF3-B1E60142AFED}.Release|Any CPU.Build.0 = Release|Any CPU
		{A2EADF1E-3634-46DA-811A-EBB906264A06}.Debug|Any CPU.ActiveCfg = Debug|Any CPU
		{A2EADF1E-3634-46DA-811A-EBB906264A06}.Debug|Any CPU.Build.0 = Debug|Any CPU
		{A2EADF1E-3634-46DA-811A-EBB906264A06}.Release|Any CPU.ActiveCfg = Release|Any CPU
		{A2EADF1E-3634-46DA-811A-EBB906264A06}.Release|Any CPU.Build.0 = Release|Any CPU
	EndGlobalSection
	GlobalSection(SolutionProperties) = preSolution
		HideSolutionNode = FALSE
	EndGlobalSection
	GlobalSection(ExtensibilityGlobals) = postSolution
		SolutionGuid = {F3FCF8E0-2E88-4A96-A682-3E0EFCF6591E}
	EndGlobalSection
EndGlobal
